// !$*UTF8*$!
{
	archiveVersion = 1;
	classes = {
	};
	objectVersion = 50;
	objects = {

/* Begin PBXBuildFile section */
		C72E1399229D6D54008D9978 /* ShowMyApp.xcassets in Resources */ = {isa = PBXBuildFile; fileRef = C72E1398229D6D54008D9978 /* ShowMyApp.xcassets */; };
		C760EBD522918CAD0011B222 /* AppDelegate.m in Sources */ = {isa = PBXBuildFile; fileRef = C760EBD422918CAD0011B222 /* AppDelegate.m */; };
		C760EBD822918CAD0011B222 /* ViewController.m in Sources */ = {isa = PBXBuildFile; fileRef = C760EBD722918CAD0011B222 /* ViewController.m */; };
		C760EBDB22918CAD0011B222 /* Main.storyboard in Resources */ = {isa = PBXBuildFile; fileRef = C760EBD922918CAD0011B222 /* Main.storyboard */; };
		C760EBDD22918CAE0011B222 /* Assets.xcassets in Resources */ = {isa = PBXBuildFile; fileRef = C760EBDC22918CAE0011B222 /* Assets.xcassets */; };
		C760EBE022918CAE0011B222 /* LaunchScreen.storyboard in Resources */ = {isa = PBXBuildFile; fileRef = C760EBDE22918CAE0011B222 /* LaunchScreen.storyboard */; };
		C760EBE322918CAE0011B222 /* main.m in Sources */ = {isa = PBXBuildFile; fileRef = C760EBE222918CAE0011B222 /* main.m */; };
		C760EBED22918CAE0011B222 /* show_my_appTests.m in Sources */ = {isa = PBXBuildFile; fileRef = C760EBEC22918CAE0011B222 /* show_my_appTests.m */; };
		C760EBF822918CAE0011B222 /* show_my_appUITests.m in Sources */ = {isa = PBXBuildFile; fileRef = C760EBF722918CAE0011B222 /* show_my_appUITests.m */; };
		C78AAAE6229566B700FA0675 /* ShowMyAppRequestURL.m in Sources */ = {isa = PBXBuildFile; fileRef = C78AAAE5229566B700FA0675 /* ShowMyAppRequestURL.m */; };
		C78AAAE9229566D200FA0675 /* ShowMyAppRequestQRCode.m in Sources */ = {isa = PBXBuildFile; fileRef = C78AAAE8229566D200FA0675 /* ShowMyAppRequestQRCode.m */; };
		C79026CD2293002C00C05CD7 /* ShowMyAppTestController.m in Sources */ = {isa = PBXBuildFile; fileRef = C79026CB2293002C00C05CD7 /* ShowMyAppTestController.m */; };
		C79026CE2293002C00C05CD7 /* ShowMyAppTestController.xib in Resources */ = {isa = PBXBuildFile; fileRef = C79026CC2293002C00C05CD7 /* ShowMyAppTestController.xib */; };
		C79026D122930CC000C05CD7 /* ShowMyAppRequest.m in Sources */ = {isa = PBXBuildFile; fileRef = C79026D022930CC000C05CD7 /* ShowMyAppRequest.m */; };
		C79026D7229401C700C05CD7 /* ShowMyAppViewController.m in Sources */ = {isa = PBXBuildFile; fileRef = C79026D5229401C700C05CD7 /* ShowMyAppViewController.m */; };
		C79026D8229401C700C05CD7 /* ShowMyAppViewController.xib in Resources */ = {isa = PBXBuildFile; fileRef = C79026D6229401C700C05CD7 /* ShowMyAppViewController.xib */; };
		C7C231852292B05800A16E76 /* ShowMyApp.m in Sources */ = {isa = PBXBuildFile; fileRef = C7C231802292B05800A16E76 /* ShowMyApp.m */; };
		C7F3D89622942F200062C4EA /* ExplainViewController.m in Sources */ = {isa = PBXBuildFile; fileRef = C7F3D89522942F200062C4EA /* ExplainViewController.m */; };
/* End PBXBuildFile section */

/* Begin PBXContainerItemProxy section */
		C760EBE922918CAE0011B222 /* PBXContainerItemProxy */ = {
			isa = PBXContainerItemProxy;
			containerPortal = C760EBC822918CAD0011B222 /* Project object */;
			proxyType = 1;
			remoteGlobalIDString = C760EBCF22918CAD0011B222;
			remoteInfo = "show-my-app";
		};
		C760EBF422918CAE0011B222 /* PBXContainerItemProxy */ = {
			isa = PBXContainerItemProxy;
			containerPortal = C760EBC822918CAD0011B222 /* Project object */;
			proxyType = 1;
			remoteGlobalIDString = C760EBCF22918CAD0011B222;
			remoteInfo = "show-my-app";
		};
/* End PBXContainerItemProxy section */

/* Begin PBXFileReference section */
		C72E1398229D6D54008D9978 /* ShowMyApp.xcassets */ = {isa = PBXFileReference; lastKnownFileType = folder.assetcatalog; path = ShowMyApp.xcassets; sourceTree = "<group>"; };
		C760EBD022918CAD0011B222 /* show-my-app.app */ = {isa = PBXFileReference; explicitFileType = wrapper.application; includeInIndex = 0; path = "show-my-app.app"; sourceTree = BUILT_PRODUCTS_DIR; };
		C760EBD322918CAD0011B222 /* AppDelegate.h */ = {isa = PBXFileReference; lastKnownFileType = sourcecode.c.h; path = AppDelegate.h; sourceTree = "<group>"; };
		C760EBD422918CAD0011B222 /* AppDelegate.m */ = {isa = PBXFileReference; lastKnownFileType = sourcecode.c.objc; path = AppDelegate.m; sourceTree = "<group>"; };
		C760EBD622918CAD0011B222 /* ViewController.h */ = {isa = PBXFileReference; lastKnownFileType = sourcecode.c.h; path = ViewController.h; sourceTree = "<group>"; };
		C760EBD722918CAD0011B222 /* ViewController.m */ = {isa = PBXFileReference; lastKnownFileType = sourcecode.c.objc; path = ViewController.m; sourceTree = "<group>"; };
		C760EBDA22918CAD0011B222 /* Base */ = {isa = PBXFileReference; lastKnownFileType = file.storyboard; name = Base; path = Base.lproj/Main.storyboard; sourceTree = "<group>"; };
		C760EBDC22918CAE0011B222 /* Assets.xcassets */ = {isa = PBXFileReference; lastKnownFileType = folder.assetcatalog; path = Assets.xcassets; sourceTree = "<group>"; };
		C760EBDF22918CAE0011B222 /* Base */ = {isa = PBXFileReference; lastKnownFileType = file.storyboard; name = Base; path = Base.lproj/LaunchScreen.storyboard; sourceTree = "<group>"; };
		C760EBE122918CAE0011B222 /* Info.plist */ = {isa = PBXFileReference; lastKnownFileType = text.plist.xml; path = Info.plist; sourceTree = "<group>"; };
		C760EBE222918CAE0011B222 /* main.m */ = {isa = PBXFileReference; lastKnownFileType = sourcecode.c.objc; path = main.m; sourceTree = "<group>"; };
		C760EBE822918CAE0011B222 /* show-my-appTests.xctest */ = {isa = PBXFileReference; explicitFileType = wrapper.cfbundle; includeInIndex = 0; path = "show-my-appTests.xctest"; sourceTree = BUILT_PRODUCTS_DIR; };
		C760EBEC22918CAE0011B222 /* show_my_appTests.m */ = {isa = PBXFileReference; lastKnownFileType = sourcecode.c.objc; path = show_my_appTests.m; sourceTree = "<group>"; };
		C760EBEE22918CAE0011B222 /* Info.plist */ = {isa = PBXFileReference; lastKnownFileType = text.plist.xml; path = Info.plist; sourceTree = "<group>"; };
		C760EBF322918CAE0011B222 /* show-my-appUITests.xctest */ = {isa = PBXFileReference; explicitFileType = wrapper.cfbundle; includeInIndex = 0; path = "show-my-appUITests.xctest"; sourceTree = BUILT_PRODUCTS_DIR; };
		C760EBF722918CAE0011B222 /* show_my_appUITests.m */ = {isa = PBXFileReference; lastKnownFileType = sourcecode.c.objc; path = show_my_appUITests.m; sourceTree = "<group>"; };
		C760EBF922918CAE0011B222 /* Info.plist */ = {isa = PBXFileReference; lastKnownFileType = text.plist.xml; path = Info.plist; sourceTree = "<group>"; };
		C78AAAE4229566B700FA0675 /* ShowMyAppRequestURL.h */ = {isa = PBXFileReference; lastKnownFileType = sourcecode.c.h; path = ShowMyAppRequestURL.h; sourceTree = "<group>"; };
		C78AAAE5229566B700FA0675 /* ShowMyAppRequestURL.m */ = {isa = PBXFileReference; lastKnownFileType = sourcecode.c.objc; path = ShowMyAppRequestURL.m; sourceTree = "<group>"; };
		C78AAAE7229566D200FA0675 /* ShowMyAppRequestQRCode.h */ = {isa = PBXFileReference; lastKnownFileType = sourcecode.c.h; path = ShowMyAppRequestQRCode.h; sourceTree = "<group>"; };
		C78AAAE8229566D200FA0675 /* ShowMyAppRequestQRCode.m */ = {isa = PBXFileReference; lastKnownFileType = sourcecode.c.objc; path = ShowMyAppRequestQRCode.m; sourceTree = "<group>"; };
		C79026CA2293002C00C05CD7 /* ShowMyAppTestController.h */ = {isa = PBXFileReference; lastKnownFileType = sourcecode.c.h; path = ShowMyAppTestController.h; sourceTree = "<group>"; };
		C79026CB2293002C00C05CD7 /* ShowMyAppTestController.m */ = {isa = PBXFileReference; lastKnownFileType = sourcecode.c.objc; path = ShowMyAppTestController.m; sourceTree = "<group>"; };
		C79026CC2293002C00C05CD7 /* ShowMyAppTestController.xib */ = {isa = PBXFileReference; lastKnownFileType = file.xib; path = ShowMyAppTestController.xib; sourceTree = "<group>"; };
		C79026CF22930CC000C05CD7 /* ShowMyAppRequest.h */ = {isa = PBXFileReference; fileEncoding = 4; lastKnownFileType = sourcecode.c.h; path = ShowMyAppRequest.h; sourceTree = "<group>"; };
		C79026D022930CC000C05CD7 /* ShowMyAppRequest.m */ = {isa = PBXFileReference; fileEncoding = 4; lastKnownFileType = sourcecode.c.objc; path = ShowMyAppRequest.m; sourceTree = "<group>"; };
		C79026D4229401C700C05CD7 /* ShowMyAppViewController.h */ = {isa = PBXFileReference; lastKnownFileType = sourcecode.c.h; path = ShowMyAppViewController.h; sourceTree = "<group>"; };
		C79026D5229401C700C05CD7 /* ShowMyAppViewController.m */ = {isa = PBXFileReference; lastKnownFileType = sourcecode.c.objc; path = ShowMyAppViewController.m; sourceTree = "<group>"; };
		C79026D6229401C700C05CD7 /* ShowMyAppViewController.xib */ = {isa = PBXFileReference; lastKnownFileType = file.xib; path = ShowMyAppViewController.xib; sourceTree = "<group>"; };
		C7C231762292A55800A16E76 /* .travis.yml */ = {isa = PBXFileReference; lastKnownFileType = text; path = .travis.yml; sourceTree = "<group>"; };
		C7C231772292A58E00A16E76 /* .slather.yml */ = {isa = PBXFileReference; lastKnownFileType = text; path = .slather.yml; sourceTree = "<group>"; };
		C7C231782292A5A100A16E76 /* .coveralls.yml */ = {isa = PBXFileReference; lastKnownFileType = text; path = .coveralls.yml; sourceTree = "<group>"; };
		C7C231802292B05800A16E76 /* ShowMyApp.m */ = {isa = PBXFileReference; fileEncoding = 4; lastKnownFileType = sourcecode.c.objc; path = ShowMyApp.m; sourceTree = "<group>"; };
		C7C231832292B05800A16E76 /* ShowMyApp.h */ = {isa = PBXFileReference; fileEncoding = 4; lastKnownFileType = sourcecode.c.h; path = ShowMyApp.h; sourceTree = "<group>"; };
		C7F3D89422942F200062C4EA /* ExplainViewController.h */ = {isa = PBXFileReference; lastKnownFileType = sourcecode.c.h; path = ExplainViewController.h; sourceTree = "<group>"; };
		C7F3D89522942F200062C4EA /* ExplainViewController.m */ = {isa = PBXFileReference; lastKnownFileType = sourcecode.c.objc; path = ExplainViewController.m; sourceTree = "<group>"; };
/* End PBXFileReference section */

/* Begin PBXFrameworksBuildPhase section */
		C760EBCD22918CAD0011B222 /* Frameworks */ = {
			isa = PBXFrameworksBuildPhase;
			buildActionMask = 2147483647;
			files = (
			);
			runOnlyForDeploymentPostprocessing = 0;
		};
		C760EBE522918CAE0011B222 /* Frameworks */ = {
			isa = PBXFrameworksBuildPhase;
			buildActionMask = 2147483647;
			files = (
			);
			runOnlyForDeploymentPostprocessing = 0;
		};
		C760EBF022918CAE0011B222 /* Frameworks */ = {
			isa = PBXFrameworksBuildPhase;
			buildActionMask = 2147483647;
			files = (
			);
			runOnlyForDeploymentPostprocessing = 0;
		};
/* End PBXFrameworksBuildPhase section */

/* Begin PBXGroup section */
		C760EBC722918CAD0011B222 = {
			isa = PBXGroup;
			children = (
				C7C231762292A55800A16E76 /* .travis.yml */,
				C7C231772292A58E00A16E76 /* .slather.yml */,
				C7C231782292A5A100A16E76 /* .coveralls.yml */,
				C760EBD222918CAD0011B222 /* show-my-app */,
				C760EBEB22918CAE0011B222 /* show-my-appTests */,
				C760EBF622918CAE0011B222 /* show-my-appUITests */,
				C760EBD122918CAD0011B222 /* Products */,
			);
			sourceTree = "<group>";
		};
		C760EBD122918CAD0011B222 /* Products */ = {
			isa = PBXGroup;
			children = (
				C760EBD022918CAD0011B222 /* show-my-app.app */,
				C760EBE822918CAE0011B222 /* show-my-appTests.xctest */,
				C760EBF322918CAE0011B222 /* show-my-appUITests.xctest */,
			);
			name = Products;
			sourceTree = "<group>";
		};
		C760EBD222918CAD0011B222 /* show-my-app */ = {
			isa = PBXGroup;
			children = (
				C7C2317F2292B05800A16E76 /* Sub-Module */,
				C760EBD322918CAD0011B222 /* AppDelegate.h */,
				C760EBD422918CAD0011B222 /* AppDelegate.m */,
				C760EBD622918CAD0011B222 /* ViewController.h */,
				C760EBD722918CAD0011B222 /* ViewController.m */,
				C760EBD922918CAD0011B222 /* Main.storyboard */,
				C7F3D89422942F200062C4EA /* ExplainViewController.h */,
				C7F3D89522942F200062C4EA /* ExplainViewController.m */,
				C760EBDC22918CAE0011B222 /* Assets.xcassets */,
				C760EBDE22918CAE0011B222 /* LaunchScreen.storyboard */,
				C760EBE122918CAE0011B222 /* Info.plist */,
				C760EBE222918CAE0011B222 /* main.m */,
			);
			path = "show-my-app";
			sourceTree = "<group>";
		};
		C760EBEB22918CAE0011B222 /* show-my-appTests */ = {
			isa = PBXGroup;
			children = (
				C760EBEC22918CAE0011B222 /* show_my_appTests.m */,
				C760EBEE22918CAE0011B222 /* Info.plist */,
			);
			path = "show-my-appTests";
			sourceTree = "<group>";
		};
		C760EBF622918CAE0011B222 /* show-my-appUITests */ = {
			isa = PBXGroup;
			children = (
				C760EBF722918CAE0011B222 /* show_my_appUITests.m */,
				C760EBF922918CAE0011B222 /* Info.plist */,
			);
			path = "show-my-appUITests";
			sourceTree = "<group>";
		};
		C7C2317F2292B05800A16E76 /* Sub-Module */ = {
			isa = PBXGroup;
			children = (
				C72E1398229D6D54008D9978 /* ShowMyApp.xcassets */,
				C7C231832292B05800A16E76 /* ShowMyApp.h */,
				C7C231802292B05800A16E76 /* ShowMyApp.m */,
				C79026CF22930CC000C05CD7 /* ShowMyAppRequest.h */,
				C79026D022930CC000C05CD7 /* ShowMyAppRequest.m */,
				C78AAAE4229566B700FA0675 /* ShowMyAppRequestURL.h */,
				C78AAAE5229566B700FA0675 /* ShowMyAppRequestURL.m */,
				C78AAAE7229566D200FA0675 /* ShowMyAppRequestQRCode.h */,
				C78AAAE8229566D200FA0675 /* ShowMyAppRequestQRCode.m */,
				C79026D4229401C700C05CD7 /* ShowMyAppViewController.h */,
				C79026D5229401C700C05CD7 /* ShowMyAppViewController.m */,
				C79026D6229401C700C05CD7 /* ShowMyAppViewController.xib */,
				C79026CA2293002C00C05CD7 /* ShowMyAppTestController.h */,
				C79026CB2293002C00C05CD7 /* ShowMyAppTestController.m */,
				C79026CC2293002C00C05CD7 /* ShowMyAppTestController.xib */,
			);
			path = "Sub-Module";
			sourceTree = "<group>";
		};
/* End PBXGroup section */

/* Begin PBXNativeTarget section */
		C760EBCF22918CAD0011B222 /* show-my-app */ = {
			isa = PBXNativeTarget;
			buildConfigurationList = C760EBFC22918CAE0011B222 /* Build configuration list for PBXNativeTarget "show-my-app" */;
			buildPhases = (
				C760EBCC22918CAD0011B222 /* Sources */,
				C760EBCD22918CAD0011B222 /* Frameworks */,
				C760EBCE22918CAD0011B222 /* Resources */,
			);
			buildRules = (
			);
			dependencies = (
			);
			name = "show-my-app";
			productName = "show-my-app";
			productReference = C760EBD022918CAD0011B222 /* show-my-app.app */;
			productType = "com.apple.product-type.application";
		};
		C760EBE722918CAE0011B222 /* show-my-appTests */ = {
			isa = PBXNativeTarget;
			buildConfigurationList = C760EBFF22918CAE0011B222 /* Build configuration list for PBXNativeTarget "show-my-appTests" */;
			buildPhases = (
				C760EBE422918CAE0011B222 /* Sources */,
				C760EBE522918CAE0011B222 /* Frameworks */,
				C760EBE622918CAE0011B222 /* Resources */,
			);
			buildRules = (
			);
			dependencies = (
				C760EBEA22918CAE0011B222 /* PBXTargetDependency */,
			);
			name = "show-my-appTests";
			productName = "show-my-appTests";
			productReference = C760EBE822918CAE0011B222 /* show-my-appTests.xctest */;
			productType = "com.apple.product-type.bundle.unit-test";
		};
		C760EBF222918CAE0011B222 /* show-my-appUITests */ = {
			isa = PBXNativeTarget;
			buildConfigurationList = C760EC0222918CAE0011B222 /* Build configuration list for PBXNativeTarget "show-my-appUITests" */;
			buildPhases = (
				C760EBEF22918CAE0011B222 /* Sources */,
				C760EBF022918CAE0011B222 /* Frameworks */,
				C760EBF122918CAE0011B222 /* Resources */,
			);
			buildRules = (
			);
			dependencies = (
				C760EBF522918CAE0011B222 /* PBXTargetDependency */,
			);
			name = "show-my-appUITests";
			productName = "show-my-appUITests";
			productReference = C760EBF322918CAE0011B222 /* show-my-appUITests.xctest */;
			productType = "com.apple.product-type.bundle.ui-testing";
		};
/* End PBXNativeTarget section */

/* Begin PBXProject section */
		C760EBC822918CAD0011B222 /* Project object */ = {
			isa = PBXProject;
			attributes = {
				LastUpgradeCheck = 1020;
				ORGANIZATIONNAME = "idéMobi";
				TargetAttributes = {
					C760EBCF22918CAD0011B222 = {
						CreatedOnToolsVersion = 10.2.1;
					};
					C760EBE722918CAE0011B222 = {
						CreatedOnToolsVersion = 10.2.1;
						TestTargetID = C760EBCF22918CAD0011B222;
					};
					C760EBF222918CAE0011B222 = {
						CreatedOnToolsVersion = 10.2.1;
						TestTargetID = C760EBCF22918CAD0011B222;
					};
				};
			};
			buildConfigurationList = C760EBCB22918CAD0011B222 /* Build configuration list for PBXProject "show-my-app" */;
			compatibilityVersion = "Xcode 9.3";
			developmentRegion = en;
			hasScannedForEncodings = 0;
			knownRegions = (
				en,
				Base,
			);
			mainGroup = C760EBC722918CAD0011B222;
			productRefGroup = C760EBD122918CAD0011B222 /* Products */;
			projectDirPath = "";
			projectRoot = "";
			targets = (
				C760EBCF22918CAD0011B222 /* show-my-app */,
				C760EBE722918CAE0011B222 /* show-my-appTests */,
				C760EBF222918CAE0011B222 /* show-my-appUITests */,
			);
		};
/* End PBXProject section */

/* Begin PBXResourcesBuildPhase section */
		C760EBCE22918CAD0011B222 /* Resources */ = {
			isa = PBXResourcesBuildPhase;
			buildActionMask = 2147483647;
			files = (
				C79026CE2293002C00C05CD7 /* ShowMyAppTestController.xib in Resources */,
				C79026D8229401C700C05CD7 /* ShowMyAppViewController.xib in Resources */,
				C72E1399229D6D54008D9978 /* ShowMyApp.xcassets in Resources */,
				C760EBE022918CAE0011B222 /* LaunchScreen.storyboard in Resources */,
				C760EBDD22918CAE0011B222 /* Assets.xcassets in Resources */,
				C760EBDB22918CAD0011B222 /* Main.storyboard in Resources */,
			);
			runOnlyForDeploymentPostprocessing = 0;
		};
		C760EBE622918CAE0011B222 /* Resources */ = {
			isa = PBXResourcesBuildPhase;
			buildActionMask = 2147483647;
			files = (
			);
			runOnlyForDeploymentPostprocessing = 0;
		};
		C760EBF122918CAE0011B222 /* Resources */ = {
			isa = PBXResourcesBuildPhase;
			buildActionMask = 2147483647;
			files = (
			);
			runOnlyForDeploymentPostprocessing = 0;
		};
/* End PBXResourcesBuildPhase section */

/* Begin PBXSourcesBuildPhase section */
		C760EBCC22918CAD0011B222 /* Sources */ = {
			isa = PBXSourcesBuildPhase;
			buildActionMask = 2147483647;
			files = (
				C79026D7229401C700C05CD7 /* ShowMyAppViewController.m in Sources */,
				C79026D122930CC000C05CD7 /* ShowMyAppRequest.m in Sources */,
				C7F3D89622942F200062C4EA /* ExplainViewController.m in Sources */,
				C760EBD822918CAD0011B222 /* ViewController.m in Sources */,
				C760EBE322918CAE0011B222 /* main.m in Sources */,
				C79026CD2293002C00C05CD7 /* ShowMyAppTestController.m in Sources */,
				C78AAAE6229566B700FA0675 /* ShowMyAppRequestURL.m in Sources */,
				C7C231852292B05800A16E76 /* ShowMyApp.m in Sources */,
				C78AAAE9229566D200FA0675 /* ShowMyAppRequestQRCode.m in Sources */,
				C760EBD522918CAD0011B222 /* AppDelegate.m in Sources */,
			);
			runOnlyForDeploymentPostprocessing = 0;
		};
		C760EBE422918CAE0011B222 /* Sources */ = {
			isa = PBXSourcesBuildPhase;
			buildActionMask = 2147483647;
			files = (
				C760EBED22918CAE0011B222 /* show_my_appTests.m in Sources */,
			);
			runOnlyForDeploymentPostprocessing = 0;
		};
		C760EBEF22918CAE0011B222 /* Sources */ = {
			isa = PBXSourcesBuildPhase;
			buildActionMask = 2147483647;
			files = (
				C760EBF822918CAE0011B222 /* show_my_appUITests.m in Sources */,
			);
			runOnlyForDeploymentPostprocessing = 0;
		};
/* End PBXSourcesBuildPhase section */

/* Begin PBXTargetDependency section */
		C760EBEA22918CAE0011B222 /* PBXTargetDependency */ = {
			isa = PBXTargetDependency;
			target = C760EBCF22918CAD0011B222 /* show-my-app */;
			targetProxy = C760EBE922918CAE0011B222 /* PBXContainerItemProxy */;
		};
		C760EBF522918CAE0011B222 /* PBXTargetDependency */ = {
			isa = PBXTargetDependency;
			target = C760EBCF22918CAD0011B222 /* show-my-app */;
			targetProxy = C760EBF422918CAE0011B222 /* PBXContainerItemProxy */;
		};
/* End PBXTargetDependency section */

/* Begin PBXVariantGroup section */
		C760EBD922918CAD0011B222 /* Main.storyboard */ = {
			isa = PBXVariantGroup;
			children = (
				C760EBDA22918CAD0011B222 /* Base */,
			);
			name = Main.storyboard;
			sourceTree = "<group>";
		};
		C760EBDE22918CAE0011B222 /* LaunchScreen.storyboard */ = {
			isa = PBXVariantGroup;
			children = (
				C760EBDF22918CAE0011B222 /* Base */,
			);
			name = LaunchScreen.storyboard;
			sourceTree = "<group>";
		};
/* End PBXVariantGroup section */

/* Begin XCBuildConfiguration section */
		C760EBFA22918CAE0011B222 /* Debug */ = {
			isa = XCBuildConfiguration;
			buildSettings = {
				ALWAYS_SEARCH_USER_PATHS = NO;
				CLANG_ANALYZER_NONNULL = YES;
				CLANG_ANALYZER_NUMBER_OBJECT_CONVERSION = YES_AGGRESSIVE;
				CLANG_CXX_LANGUAGE_STANDARD = "gnu++14";
				CLANG_CXX_LIBRARY = "libc++";
				CLANG_ENABLE_MODULES = YES;
				CLANG_ENABLE_OBJC_ARC = YES;
				CLANG_ENABLE_OBJC_WEAK = YES;
				CLANG_WARN_BLOCK_CAPTURE_AUTORELEASING = YES;
				CLANG_WARN_BOOL_CONVERSION = YES;
				CLANG_WARN_COMMA = YES;
				CLANG_WARN_CONSTANT_CONVERSION = YES;
				CLANG_WARN_DEPRECATED_OBJC_IMPLEMENTATIONS = YES;
				CLANG_WARN_DIRECT_OBJC_ISA_USAGE = YES_ERROR;
				CLANG_WARN_DOCUMENTATION_COMMENTS = YES;
				CLANG_WARN_EMPTY_BODY = YES;
				CLANG_WARN_ENUM_CONVERSION = YES;
				CLANG_WARN_INFINITE_RECURSION = YES;
				CLANG_WARN_INT_CONVERSION = YES;
				CLANG_WARN_NON_LITERAL_NULL_CONVERSION = YES;
				CLANG_WARN_OBJC_IMPLICIT_RETAIN_SELF = YES;
				CLANG_WARN_OBJC_LITERAL_CONVERSION = YES;
				CLANG_WARN_OBJC_ROOT_CLASS = YES_ERROR;
				CLANG_WARN_RANGE_LOOP_ANALYSIS = YES;
				CLANG_WARN_STRICT_PROTOTYPES = YES;
				CLANG_WARN_SUSPICIOUS_MOVE = YES;
				CLANG_WARN_UNGUARDED_AVAILABILITY = YES_AGGRESSIVE;
				CLANG_WARN_UNREACHABLE_CODE = YES;
				CLANG_WARN__DUPLICATE_METHOD_MATCH = YES;
				CODE_SIGN_IDENTITY = "iPhone Developer";
				COPY_PHASE_STRIP = NO;
				DEBUG_INFORMATION_FORMAT = dwarf;
				ENABLE_STRICT_OBJC_MSGSEND = YES;
				ENABLE_TESTABILITY = YES;
				GCC_C_LANGUAGE_STANDARD = gnu11;
				GCC_DYNAMIC_NO_PIC = NO;
				GCC_NO_COMMON_BLOCKS = YES;
				GCC_OPTIMIZATION_LEVEL = 0;
				GCC_PREPROCESSOR_DEFINITIONS = (
					"DEBUG=1",
					"$(inherited)",
				);
				GCC_WARN_64_TO_32_BIT_CONVERSION = YES;
				GCC_WARN_ABOUT_RETURN_TYPE = YES_ERROR;
				GCC_WARN_UNDECLARED_SELECTOR = YES;
				GCC_WARN_UNINITIALIZED_AUTOS = YES_AGGRESSIVE;
				GCC_WARN_UNUSED_FUNCTION = YES;
				GCC_WARN_UNUSED_VARIABLE = YES;
				IPHONEOS_DEPLOYMENT_TARGET = 12.2;
				MTL_ENABLE_DEBUG_INFO = INCLUDE_SOURCE;
				MTL_FAST_MATH = YES;
				ONLY_ACTIVE_ARCH = YES;
				SDKROOT = iphoneos;
			};
			name = Debug;
		};
		C760EBFB22918CAE0011B222 /* Release */ = {
			isa = XCBuildConfiguration;
			buildSettings = {
				ALWAYS_SEARCH_USER_PATHS = NO;
				CLANG_ANALYZER_NONNULL = YES;
				CLANG_ANALYZER_NUMBER_OBJECT_CONVERSION = YES_AGGRESSIVE;
				CLANG_CXX_LANGUAGE_STANDARD = "gnu++14";
				CLANG_CXX_LIBRARY = "libc++";
				CLANG_ENABLE_MODULES = YES;
				CLANG_ENABLE_OBJC_ARC = YES;
				CLANG_ENABLE_OBJC_WEAK = YES;
				CLANG_WARN_BLOCK_CAPTURE_AUTORELEASING = YES;
				CLANG_WARN_BOOL_CONVERSION = YES;
				CLANG_WARN_COMMA = YES;
				CLANG_WARN_CONSTANT_CONVERSION = YES;
				CLANG_WARN_DEPRECATED_OBJC_IMPLEMENTATIONS = YES;
				CLANG_WARN_DIRECT_OBJC_ISA_USAGE = YES_ERROR;
				CLANG_WARN_DOCUMENTATION_COMMENTS = YES;
				CLANG_WARN_EMPTY_BODY = YES;
				CLANG_WARN_ENUM_CONVERSION = YES;
				CLANG_WARN_INFINITE_RECURSION = YES;
				CLANG_WARN_INT_CONVERSION = YES;
				CLANG_WARN_NON_LITERAL_NULL_CONVERSION = YES;
				CLANG_WARN_OBJC_IMPLICIT_RETAIN_SELF = YES;
				CLANG_WARN_OBJC_LITERAL_CONVERSION = YES;
				CLANG_WARN_OBJC_ROOT_CLASS = YES_ERROR;
				CLANG_WARN_RANGE_LOOP_ANALYSIS = YES;
				CLANG_WARN_STRICT_PROTOTYPES = YES;
				CLANG_WARN_SUSPICIOUS_MOVE = YES;
				CLANG_WARN_UNGUARDED_AVAILABILITY = YES_AGGRESSIVE;
				CLANG_WARN_UNREACHABLE_CODE = YES;
				CLANG_WARN__DUPLICATE_METHOD_MATCH = YES;
				CODE_SIGN_IDENTITY = "iPhone Developer";
				COPY_PHASE_STRIP = NO;
				DEBUG_INFORMATION_FORMAT = "dwarf-with-dsym";
				ENABLE_NS_ASSERTIONS = NO;
				ENABLE_STRICT_OBJC_MSGSEND = YES;
				GCC_C_LANGUAGE_STANDARD = gnu11;
				GCC_NO_COMMON_BLOCKS = YES;
				GCC_WARN_64_TO_32_BIT_CONVERSION = YES;
				GCC_WARN_ABOUT_RETURN_TYPE = YES_ERROR;
				GCC_WARN_UNDECLARED_SELECTOR = YES;
				GCC_WARN_UNINITIALIZED_AUTOS = YES_AGGRESSIVE;
				GCC_WARN_UNUSED_FUNCTION = YES;
				GCC_WARN_UNUSED_VARIABLE = YES;
				IPHONEOS_DEPLOYMENT_TARGET = 12.2;
				MTL_ENABLE_DEBUG_INFO = NO;
				MTL_FAST_MATH = YES;
				SDKROOT = iphoneos;
				VALIDATE_PRODUCT = YES;
			};
			name = Release;
		};
		C760EBFD22918CAE0011B222 /* Debug */ = {
			isa = XCBuildConfiguration;
			buildSettings = {
				ASSETCATALOG_COMPILER_APPICON_NAME = AppIcon;
				CODE_SIGN_STYLE = Automatic;
				DEVELOPMENT_TEAM = N5X7JRWGFZ;
				INFOPLIST_FILE = "show-my-app/Info.plist";
				LD_RUNPATH_SEARCH_PATHS = (
					"$(inherited)",
					"@executable_path/Frameworks",
				);
				PRODUCT_BUNDLE_IDENTIFIER = "com.idemobi.show-my-app";
				PRODUCT_NAME = "$(TARGET_NAME)";
				TARGETED_DEVICE_FAMILY = "1,2";
			};
			name = Debug;
		};
		C760EBFE22918CAE0011B222 /* Release */ = {
			isa = XCBuildConfiguration;
			buildSettings = {
				ASSETCATALOG_COMPILER_APPICON_NAME = AppIcon;
				CODE_SIGN_STYLE = Automatic;
				DEVELOPMENT_TEAM = N5X7JRWGFZ;
				INFOPLIST_FILE = "show-my-app/Info.plist";
				LD_RUNPATH_SEARCH_PATHS = (
					"$(inherited)",
					"@executable_path/Frameworks",
				);
				PRODUCT_BUNDLE_IDENTIFIER = "com.idemobi.show-my-app";
				PRODUCT_NAME = "$(TARGET_NAME)";
				TARGETED_DEVICE_FAMILY = "1,2";
			};
			name = Release;
		};
		C760EC0022918CAE0011B222 /* Debug */ = {
			isa = XCBuildConfiguration;
			buildSettings = {
				BUNDLE_LOADER = "$(TEST_HOST)";
				CODE_SIGN_STYLE = Automatic;
				DEVELOPMENT_TEAM = N5X7JRWGFZ;
				INFOPLIST_FILE = "show-my-appTests/Info.plist";
				LD_RUNPATH_SEARCH_PATHS = (
					"$(inherited)",
					"@executable_path/Frameworks",
					"@loader_path/Frameworks",
				);
				PRODUCT_BUNDLE_IDENTIFIER = "com.idemobi.show-my-appTests";
				PRODUCT_NAME = "$(TARGET_NAME)";
				TARGETED_DEVICE_FAMILY = "1,2";
				TEST_HOST = "$(BUILT_PRODUCTS_DIR)/show-my-app.app/show-my-app";
			};
			name = Debug;
		};
		C760EC0122918CAE0011B222 /* Release */ = {
			isa = XCBuildConfiguration;
			buildSettings = {
				BUNDLE_LOADER = "$(TEST_HOST)";
				CODE_SIGN_STYLE = Automatic;
				DEVELOPMENT_TEAM = N5X7JRWGFZ;
				INFOPLIST_FILE = "show-my-appTests/Info.plist";
				LD_RUNPATH_SEARCH_PATHS = (
					"$(inherited)",
					"@executable_path/Frameworks",
					"@loader_path/Frameworks",
				);
				PRODUCT_BUNDLE_IDENTIFIER = "com.idemobi.show-my-appTests";
				PRODUCT_NAME = "$(TARGET_NAME)";
				TARGETED_DEVICE_FAMILY = "1,2";
				TEST_HOST = "$(BUILT_PRODUCTS_DIR)/show-my-app.app/show-my-app";
			};
			name = Release;
		};
		C760EC0322918CAE0011B222 /* Debug */ = {
			isa = XCBuildConfiguration;
			buildSettings = {
				CODE_SIGN_STYLE = Automatic;
				DEVELOPMENT_TEAM = N5X7JRWGFZ;
				INFOPLIST_FILE = "show-my-appUITests/Info.plist";
				LD_RUNPATH_SEARCH_PATHS = (
					"$(inherited)",
					"@executable_path/Frameworks",
					"@loader_path/Frameworks",
				);
				PRODUCT_BUNDLE_IDENTIFIER = "com.idemobi.show-my-appUITests";
				PRODUCT_NAME = "$(TARGET_NAME)";
				TARGETED_DEVICE_FAMILY = "1,2";
				TEST_TARGET_NAME = "show-my-app";
			};
			name = Debug;
		};
		C760EC0422918CAE0011B222 /* Release */ = {
			isa = XCBuildConfiguration;
			buildSettings = {
				CODE_SIGN_STYLE = Automatic;
				DEVELOPMENT_TEAM = N5X7JRWGFZ;
				INFOPLIST_FILE = "show-my-appUITests/Info.plist";
				LD_RUNPATH_SEARCH_PATHS = (
					"$(inherited)",
					"@executable_path/Frameworks",
					"@loader_path/Frameworks",
				);
				PRODUCT_BUNDLE_IDENTIFIER = "com.idemobi.show-my-appUITests";
				PRODUCT_NAME = "$(TARGET_NAME)";
				TARGETED_DEVICE_FAMILY = "1,2";
				TEST_TARGET_NAME = "show-my-app";
			};
			name = Release;
		};
		C7C231722292A4FE00A16E76 /* Travis */ = {
			isa = XCBuildConfiguration;
			buildSettings = {
				ALWAYS_SEARCH_USER_PATHS = NO;
				CLANG_ANALYZER_NONNULL = YES;
				CLANG_ANALYZER_NUMBER_OBJECT_CONVERSION = YES_AGGRESSIVE;
				CLANG_CXX_LANGUAGE_STANDARD = "gnu++14";
				CLANG_CXX_LIBRARY = "libc++";
				CLANG_ENABLE_MODULES = YES;
				CLANG_ENABLE_OBJC_ARC = YES;
				CLANG_ENABLE_OBJC_WEAK = YES;
				CLANG_WARN_BLOCK_CAPTURE_AUTORELEASING = YES;
				CLANG_WARN_BOOL_CONVERSION = YES;
				CLANG_WARN_COMMA = YES;
				CLANG_WARN_CONSTANT_CONVERSION = YES;
				CLANG_WARN_DEPRECATED_OBJC_IMPLEMENTATIONS = YES;
				CLANG_WARN_DIRECT_OBJC_ISA_USAGE = YES_ERROR;
				CLANG_WARN_DOCUMENTATION_COMMENTS = YES;
				CLANG_WARN_EMPTY_BODY = YES;
				CLANG_WARN_ENUM_CONVERSION = YES;
				CLANG_WARN_INFINITE_RECURSION = YES;
				CLANG_WARN_INT_CONVERSION = YES;
				CLANG_WARN_NON_LITERAL_NULL_CONVERSION = YES;
				CLANG_WARN_OBJC_IMPLICIT_RETAIN_SELF = YES;
				CLANG_WARN_OBJC_LITERAL_CONVERSION = YES;
				CLANG_WARN_OBJC_ROOT_CLASS = YES_ERROR;
				CLANG_WARN_RANGE_LOOP_ANALYSIS = YES;
				CLANG_WARN_STRICT_PROTOTYPES = YES;
				CLANG_WARN_SUSPICIOUS_MOVE = YES;
				CLANG_WARN_UNGUARDED_AVAILABILITY = YES_AGGRESSIVE;
				CLANG_WARN_UNREACHABLE_CODE = YES;
				CLANG_WARN__DUPLICATE_METHOD_MATCH = YES;
				CODE_SIGN_IDENTITY = "iPhone Developer";
				COPY_PHASE_STRIP = NO;
				DEBUG_INFORMATION_FORMAT = dwarf;
				ENABLE_STRICT_OBJC_MSGSEND = YES;
				ENABLE_TESTABILITY = YES;
				GCC_C_LANGUAGE_STANDARD = gnu11;
				GCC_DYNAMIC_NO_PIC = NO;
				GCC_NO_COMMON_BLOCKS = YES;
				GCC_OPTIMIZATION_LEVEL = 0;
				GCC_PREPROCESSOR_DEFINITIONS = (
					"DEBUG=1",
					"$(inherited)",
				);
				GCC_WARN_64_TO_32_BIT_CONVERSION = YES;
				GCC_WARN_ABOUT_RETURN_TYPE = YES_ERROR;
				GCC_WARN_UNDECLARED_SELECTOR = YES;
				GCC_WARN_UNINITIALIZED_AUTOS = YES_AGGRESSIVE;
				GCC_WARN_UNUSED_FUNCTION = YES;
				GCC_WARN_UNUSED_VARIABLE = YES;
				IPHONEOS_DEPLOYMENT_TARGET = 12.2;
				MTL_ENABLE_DEBUG_INFO = INCLUDE_SOURCE;
				MTL_FAST_MATH = YES;
				ONLY_ACTIVE_ARCH = YES;
				SDKROOT = iphoneos;
			};
			name = Travis;
		};
		C7C231732292A4FE00A16E76 /* Travis */ = {
			isa = XCBuildConfiguration;
			buildSettings = {
				ASSETCATALOG_COMPILER_APPICON_NAME = AppIcon;
				CODE_SIGN_STYLE = Automatic;
				DEVELOPMENT_TEAM = N5X7JRWGFZ;
				INFOPLIST_FILE = "show-my-app/Info.plist";
				LD_RUNPATH_SEARCH_PATHS = (
					"$(inherited)",
					"@executable_path/Frameworks",
				);
				PRODUCT_BUNDLE_IDENTIFIER = "com.idemobi.show-my-app";
				PRODUCT_NAME = "$(TARGET_NAME)";
				TARGETED_DEVICE_FAMILY = "1,2";
			};
			name = Travis;
		};
		C7C231742292A4FE00A16E76 /* Travis */ = {
			isa = XCBuildConfiguration;
			buildSettings = {
				BUNDLE_LOADER = "$(TEST_HOST)";
				CODE_SIGN_STYLE = Automatic;
				DEVELOPMENT_TEAM = N5X7JRWGFZ;
				INFOPLIST_FILE = "show-my-appTests/Info.plist";
				LD_RUNPATH_SEARCH_PATHS = (
					"$(inherited)",
					"@executable_path/Frameworks",
					"@loader_path/Frameworks",
				);
				PRODUCT_BUNDLE_IDENTIFIER = "com.idemobi.show-my-appTests";
				PRODUCT_NAME = "$(TARGET_NAME)";
				TARGETED_DEVICE_FAMILY = "1,2";
				TEST_HOST = "$(BUILT_PRODUCTS_DIR)/show-my-app.app/show-my-app";
			};
			name = Travis;
		};
		C7C231752292A4FE00A16E76 /* Travis */ = {
			isa = XCBuildConfiguration;
			buildSettings = {
				CODE_SIGN_STYLE = Automatic;
				DEVELOPMENT_TEAM = N5X7JRWGFZ;
				INFOPLIST_FILE = "show-my-appUITests/Info.plist";
				LD_RUNPATH_SEARCH_PATHS = (
					"$(inherited)",
					"@executable_path/Frameworks",
					"@loader_path/Frameworks",
				);
				PRODUCT_BUNDLE_IDENTIFIER = "com.idemobi.show-my-appUITests";
				PRODUCT_NAME = "$(TARGET_NAME)";
				TARGETED_DEVICE_FAMILY = "1,2";
				TEST_TARGET_NAME = "show-my-app";
			};
			name = Travis;
		};
/* End XCBuildConfiguration section */

/* Begin XCConfigurationList section */
		C760EBCB22918CAD0011B222 /* Build configuration list for PBXProject "show-my-app" */ = {
			isa = XCConfigurationList;
			buildConfigurations = (
				C760EBFA22918CAE0011B222 /* Debug */,
				C7C231722292A4FE00A16E76 /* Travis */,
				C760EBFB22918CAE0011B222 /* Release */,
			);
			defaultConfigurationIsVisible = 0;
			defaultConfigurationName = Release;
		};
		C760EBFC22918CAE0011B222 /* Build configuration list for PBXNativeTarget "show-my-app" */ = {
			isa = XCConfigurationList;
			buildConfigurations = (
				C760EBFD22918CAE0011B222 /* Debug */,
				C7C231732292A4FE00A16E76 /* Travis */,
				C760EBFE22918CAE0011B222 /* Release */,
			);
			defaultConfigurationIsVisible = 0;
			defaultConfigurationName = Release;
		};
		C760EBFF22918CAE0011B222 /* Build configuration list for PBXNativeTarget "show-my-appTests" */ = {
			isa = XCConfigurationList;
			buildConfigurations = (
				C760EC0022918CAE0011B222 /* Debug */,
				C7C231742292A4FE00A16E76 /* Travis */,
				C760EC0122918CAE0011B222 /* Release */,
			);
			defaultConfigurationIsVisible = 0;
			defaultConfigurationName = Release;
		};
		C760EC0222918CAE0011B222 /* Build configuration list for PBXNativeTarget "show-my-appUITests" */ = {
			isa = XCConfigurationList;
			buildConfigurations = (
				C760EC0322918CAE0011B222 /* Debug */,
				C7C231752292A4FE00A16E76 /* Travis */,
				C760EC0422918CAE0011B222 /* Release */,
			);
			defaultConfigurationIsVisible = 0;
			defaultConfigurationName = Release;
		};
/* End XCConfigurationList section */
	};
	rootObject = C760EBC822918CAD0011B222 /* Project object */;
}
